lockfileVersion: '9.0'

settings:
  autoInstallPeers: true
  excludeLinksFromLockfile: false

importers:

  .:
    dependencies:
      markdown-it:
        specifier: ^14.0.0
        version: 14.1.1
    devDependencies:
      ajv:
        specifier: 8.20.0
        version: 8.20.0
      ajv-formats:
        specifier: 3.0.1
        version: 3.0.1(ajv@8.20.0)

packages:

  ajv-formats@3.0.1:
    resolution: {integrity: sha512-8iUql50EUR+uUcdRQ3HDqa6EVyo3docL8g5WJ3FNcWmu62IbkGUue/pEyLBW8VGKKucTPgqeks4fIU1DA4yowQ==}
    peerDependencies:
      ajv: ^8.0.0
    peerDependenciesMeta:
      ajv:
        optional: true

  ajv@8.20.0:
    resolution: {integrity: sha512-Thbli+OlOj+iMPYFBVBfJ3OmCAnaSyNn4M1vz9T6Gka5Jt9ba/HIR56joy65tY6kx/FCF5VXNB819Y7/GUrBGA==}

  argparse@2.0.1:
    resolution: {integrity: sha512-8+9WqebbFzpX9OR+Wa6O29asIogeRMzcGtAINdpMHHyAg10f05aSFVBbcEqGf/PXw1EjAZ+q2/bEBg3DvurK3Q==}

  entities@4.5.0:
    resolution: {integrity: sha512-V0hjH4dGPh9Ao5p0MoRY6BVqtwCjhz6vI5LT8AJ55H+4g9/4vbHx1I54fS0XuclLhDHArPQCiMjDxjaL8fPxhw==}
    engines: {node: '>=0.12'}

  fast-deep-equal@3.1.3:
    resolution: {integrity: sha512-f3qQ9oQy9j2AhBe/H9VC91wLmKBCCU/gDOnKNAYG5hswO7BLKj09Hc5HYNz9cGI++xlpDCIgDaitVs03ATR84Q==}

  fast-uri@3.1.5:
    resolution: {integrity: sha512-gHwA1O9LDIcKunMKhObS/HimwtehO1nPUECKAu5TpKgaO19fcWEl4bliWe1jWxVFvIXztJjjQ4L8XQ1EU9f7Jw==}

  json-schema-traverse@1.0.0:
    resolution: {integrity: sha512-NM8/P9n3XjXhIZn1lLhkFaACTOURQXjWhV4BA/RnOv8xvgqtqpAX9IO4mRQxSx1Rlo4tqzeqb0sOlruaOy3dug==}

  linkify-it@5.0.0:
    resolution: {integrity: sha512-5aHCbzQRADcdP+ATqnDuhhJ/MRIqDkZX5pyjFHRRysS8vZ5AbqGEoFIb6pYHPZ+L/OC2Lc+xT8uHVVR5CAK/wQ==}

  markdown-it@14.1.1:
    resolution: {integrity: sha512-BuU2qnTti9YKgK5N+IeMubp14ZUKUUw7yeJbkjtosvHiP0AZ5c8IAgEMk79D0eC8F23r4Ac/q8cAIFdm2FtyoA==}
    hasBin: true

  mdurl@2.0.0:
    resolution: {integrity: sha512-Lf+9+2r+Tdp5wXDXC4PcIBjTDtq4UKjCPMQhKIuzpJNW0b96kVqSwW0bT7FhRSfmAiFYgP+SCRvdrDozfh0U5w==}

  punycode.js@2.3.1:
    resolution: {integrity: sha512-uxFIHU0YlHYhDQtV4R9J6a52SLx28BCjT+4ieh7IGbgwVJWO+km431c4yRlREUAsAmt/uMjQUyQHNEPf0M39CA==}
    engines: {node: '>=6'}

  require-from-string@2.0.2:
    resolution: {integrity: sha512-Xf0nWe6RseziFMu+Ap9biiUbmplq6S9/p+7w7YXP/JBHhrUDDUhwa+vANyubuqfZWTveU//DYVGsDG7RKL/vEw==}
    engines: {node: '>=0.10.0'}

  uc.micro@2.1.0:
    resolution: {integrity: sha512-ARDJmphmdvUk6Glw7y9DQ2bFkKBHwQHLi2lsaH6PPmz/Ka9sFOBsBluozhDltWmnv9u/cF6Rt87znRTPV+yp/A==}

snapshots:

  ajv-formats@3.0.1(ajv@8.20.0):
    optionalDependencies:
      ajv: 8.20.0

  ajv@8.20.0:
    dependencies:
      fast-deep-equal: 3.1.3
      fast-uri: 3.1.5
      json-schema-traverse: 1.0.0
      require-from-string: 2.0.2

  argparse@2.0.1: {}

  entities@4.5.0: {}

  fast-deep-equal@3.1.3: {}

  fast-uri@3.1.5: {}

  json-schema-traverse@1.0.0: {}

  linkify-it@5.0.0:
    dependencies:
      uc.micro: 2.1.0

  markdown-it@14.1.1:
    dependencies:
      argparse: 2.0.1
      entities: 4.5.0
      linkify-it: 5.0.0
      mdurl: 2.0.0
      punycode.js: 2.3.1
      uc.micro: 2.1.0

  mdurl@2.0.0: {}

  punycode.js@2.3.1: {}

  require-from-string@2.0.2: {}

  uc.micro@2.1.0: {}
